
Microsoft Visual Studio Solution File, Format Version 12.00
# Visual Studio Version 16
VisualStudioVersion = 16.0.29609.76
MinimumVisualStudioVersion = 10.0.40219.1
Project("{888888A0-9F3D-457C-B088-3A5042F75D52}") = "PlusMinus", "PlusMinus\PlusMinus.pyproj", "{68553E89-8E18-4F0B-8C1A-D87191E19835}"
EndProject
Global
	GlobalSection(SolutionConfigurationPlatforms) = preSolution
		Debug|Any CPU = Debug|Any CPU
		Release|Any CPU = Release|Any CPU
	EndGlobalSection
	GlobalSection(ProjectConfigurationPlatforms) = postSolution
		{68553E89-8E18-4F0B-8C1A-D87191E19835}.Debug|Any CPU.ActiveCfg = Debug|Any CPU
		{68553E89-8E18-4F0B-8C1A-D87191E19835}.Release|Any CPU.ActiveCfg = Release|Any CPU
	EndGlobalSection
	GlobalSection(SolutionProperties) = preSolution
		HideSolutionNode = FALSE
	EndGlobalSection
	GlobalSection(ExtensibilityGlobals) = postSolution
		SolutionGuid = {F1D3FA66-ACB7-4A35-8E5C-2B69A24848BF}
	EndGlobalSection
EndGlobal
